
Microsoft Visual Studio Solution File, Format Version 12.00
# Visual Studio 15
VisualStudioVersion = 15.0.27130.2036
MinimumVisualStudioVersion = 10.0.40219.1
Project("{FAE04EC0-301F-11D3-BF4B-00C04F79EFBC}") = "To-do-lijst", "Rekenmachine\To-do-lijst.csproj", "{B360A263-4BE6-4B56-89E8-0DCFC0D7FF5F}"
EndProject
Project("{FAE04EC0-301F-11D3-BF4B-00C04F79EFBC}") = "Afbeeldingzoeker", "Afbeeldingzoeker\Afbeeldingzoeker.csproj", "{15B6E242-4AF0-4DF8-916D-DF63C132F5AD}"
EndProject
Project("{FAE04EC0-301F-11D3-BF4B-00C04F79EFBC}") = "Rekenmachine", "To-do-lijst\Rekenmachine.csproj", "{8F3C6E06-77B8-4D0F-8388-DC571AF2B6E2}"
EndProject
Project("{FAE04EC0-301F-11D3-BF4B-00C04F79EFBC}") = "Magic Button", "Magic Button\Magic Button.csproj", "{6FD68468-3C85-41ED-BA84-08EBD22227BD}"
EndProject
Project("{FAE04EC0-301F-11D3-BF4B-00C04F79EFBC}") = "Document Beheer", "Document Beheer\Document Beheer.csproj", "{042A5EFD-1CEA-42F3-AB95-81AA4120974A}"
EndProject
Global
	GlobalSection(SolutionConfigurationPlatforms) = preSolution
		Debug|Any CPU = Debug|Any CPU
		Release|Any CPU = Release|Any CPU
	EndGlobalSection
	GlobalSection(ProjectConfigurationPlatforms) = postSolution
		{B360A263-4BE6-4B56-89E8-0DCFC0D7FF5F}.Debug|Any CPU.ActiveCfg = Debug|Any CPU
		{B360A263-4BE6-4B56-89E8-0DCFC0D7FF5F}.Debug|Any CPU.Build.0 = Debug|Any CPU
		{B360A263-4BE6-4B56-89E8-0DCFC0D7FF5F}.Release|Any CPU.ActiveCfg = Release|Any CPU
		{B360A263-4BE6-4B56-89E8-0DCFC0D7FF5F}.Release|Any CPU.Build.0 = Release|Any CPU
		{15B6E242-4AF0-4DF8-916D-DF63C132F5AD}.Debug|Any CPU.ActiveCfg = Debug|Any CPU
		{15B6E242-4AF0-4DF8-916D-DF63C132F5AD}.Debug|Any CPU.Build.0 = Debug|Any CPU
		{15B6E242-4AF0-4DF8-916D-DF63C132F5AD}.Release|Any CPU.ActiveCfg = Release|Any CPU
		{15B6E242-4AF0-4DF8-916D-DF63C132F5AD}.Release|Any CPU.Build.0 = Release|Any CPU
		{8F3C6E06-77B8-4D0F-8388-DC571AF2B6E2}.Debug|Any CPU.ActiveCfg = Debug|Any CPU
		{8F3C6E06-77B8-4D0F-8388-DC571AF2B6E2}.Debug|Any CPU.Build.0 = Debug|Any CPU
		{8F3C6E06-77B8-4D0F-8388-DC571AF2B6E2}.Release|Any CPU.ActiveCfg = Release|Any CPU
		{8F3C6E06-77B8-4D0F-8388-DC571AF2B6E2}.Release|Any CPU.Build.0 = Release|Any CPU
		{6FD68468-3C85-41ED-BA84-08EBD22227BD}.Debug|Any CPU.ActiveCfg = Debug|Any CPU
		{6FD68468-3C85-41ED-BA84-08EBD22227BD}.Debug|Any CPU.Build.0 = Debug|Any CPU
		{6FD68468-3C85-41ED-BA84-08EBD22227BD}.Release|Any CPU.ActiveCfg = Release|Any CPU
		{6FD68468-3C85-41ED-BA84-08EBD22227BD}.Release|Any CPU.Build.0 = Release|Any CPU
		{042A5EFD-1CEA-42F3-AB95-81AA4120974A}.Debug|Any CPU.ActiveCfg = Debug|Any CPU
		{042A5EFD-1CEA-42F3-AB95-81AA4120974A}.Debug|Any CPU.Build.0 = Debug|Any CPU
		{042A5EFD-1CEA-42F3-AB95-81AA4120974A}.Release|Any CPU.ActiveCfg = Release|Any CPU
		{042A5EFD-1CEA-42F3-AB95-81AA4120974A}.Release|Any CPU.Build.0 = Release|Any CPU
	EndGlobalSection
	GlobalSection(SolutionProperties) = preSolution
		HideSolutionNode = FALSE
	EndGlobalSection
	GlobalSection(ExtensibilityGlobals) = postSolution
		SolutionGuid = {197E0CDC-43F1-4ABA-81BB-92C1D790ECA7}
	EndGlobalSection
EndGlobal
