
Microsoft Visual Studio Solution File, Format Version 12.00
# Visual Studio 15
VisualStudioVersion = 15.0.27130.2036
MinimumVisualStudioVersion = 10.0.40219.1
Project("{FAE04EC0-301F-11D3-BF4B-00C04F79EFBC}") = "Hallo jij!", "Hallo jij!.csproj", "{59EC9321-C727-499E-91A7-90331D0D9353}"
EndProject
Project("{FAE04EC0-301F-11D3-BF4B-00C04F79EFBC}") = "Dobbelsteen", "..\Dobbelsteen\Dobbelsteen.csproj", "{DDE8AD8F-D692-43C0-B1D0-CDB2C1FEC8DD}"
EndProject
Project("{FAE04EC0-301F-11D3-BF4B-00C04F79EFBC}") = "Pincode-Reminder", "Pincode-Reminder\Pincode-Reminder.csproj", "{3C5D52D2-51DD-4411-9E39-6F409D8DEE05}"
EndProject
Global
	GlobalSection(SolutionConfigurationPlatforms) = preSolution
		Debug|Any CPU = Debug|Any CPU
		Release|Any CPU = Release|Any CPU
	EndGlobalSection
	GlobalSection(ProjectConfigurationPlatforms) = postSolution
		{59EC9321-C727-499E-91A7-90331D0D9353}.Debug|Any CPU.ActiveCfg = Debug|Any CPU
		{59EC9321-C727-499E-91A7-90331D0D9353}.Debug|Any CPU.Build.0 = Debug|Any CPU
		{59EC9321-C727-499E-91A7-90331D0D9353}.Release|Any CPU.ActiveCfg = Release|Any CPU
		{59EC9321-C727-499E-91A7-90331D0D9353}.Release|Any CPU.Build.0 = Release|Any CPU
		{DDE8AD8F-D692-43C0-B1D0-CDB2C1FEC8DD}.Debug|Any CPU.ActiveCfg = Debug|Any CPU
		{DDE8AD8F-D692-43C0-B1D0-CDB2C1FEC8DD}.Debug|Any CPU.Build.0 = Debug|Any CPU
		{DDE8AD8F-D692-43C0-B1D0-CDB2C1FEC8DD}.Release|Any CPU.ActiveCfg = Release|Any CPU
		{DDE8AD8F-D692-43C0-B1D0-CDB2C1FEC8DD}.Release|Any CPU.Build.0 = Release|Any CPU
		{3C5D52D2-51DD-4411-9E39-6F409D8DEE05}.Debug|Any CPU.ActiveCfg = Debug|Any CPU
		{3C5D52D2-51DD-4411-9E39-6F409D8DEE05}.Debug|Any CPU.Build.0 = Debug|Any CPU
		{3C5D52D2-51DD-4411-9E39-6F409D8DEE05}.Release|Any CPU.ActiveCfg = Release|Any CPU
		{3C5D52D2-51DD-4411-9E39-6F409D8DEE05}.Release|Any CPU.Build.0 = Release|Any CPU
	EndGlobalSection
	GlobalSection(SolutionProperties) = preSolution
		HideSolutionNode = FALSE
	EndGlobalSection
	GlobalSection(ExtensibilityGlobals) = postSolution
		SolutionGuid = {745E196F-EB9E-4558-9998-002CA7AA1522}
	EndGlobalSection
EndGlobal
