
Microsoft Visual Studio Solution File, Format Version 12.00
# Visual Studio 15
VisualStudioVersion = 15.0.27130.2036
MinimumVisualStudioVersion = 10.0.40219.1
Project("{FAE04EC0-301F-11D3-BF4B-00C04F79EFBC}") = "proto", "proto\proto.csproj", "{F30DA49A-77B0-4F1E-B4BD-45D4D7D39BDB}"
EndProject
Global
	GlobalSection(SolutionConfigurationPlatforms) = preSolution
		Debug|Any CPU = Debug|Any CPU
		Release|Any CPU = Release|Any CPU
	EndGlobalSection
	GlobalSection(ProjectConfigurationPlatforms) = postSolution
		{F30DA49A-77B0-4F1E-B4BD-45D4D7D39BDB}.Debug|Any CPU.ActiveCfg = Debug|Any CPU
		{F30DA49A-77B0-4F1E-B4BD-45D4D7D39BDB}.Debug|Any CPU.Build.0 = Debug|Any CPU
		{F30DA49A-77B0-4F1E-B4BD-45D4D7D39BDB}.Release|Any CPU.ActiveCfg = Release|Any CPU
		{F30DA49A-77B0-4F1E-B4BD-45D4D7D39BDB}.Release|Any CPU.Build.0 = Release|Any CPU
	EndGlobalSection
	GlobalSection(SolutionProperties) = preSolution
		HideSolutionNode = FALSE
	EndGlobalSection
	GlobalSection(ExtensibilityGlobals) = postSolution
		SolutionGuid = {AFD302BD-76E9-41C8-8AA8-6FCF0B8E807C}
	EndGlobalSection
EndGlobal
