
Microsoft Visual Studio Solution File, Format Version 12.00
# Visual Studio 15
VisualStudioVersion = 15.0.27130.2036
MinimumVisualStudioVersion = 10.0.40219.1
Project("{FAE04EC0-301F-11D3-BF4B-00C04F79EFBC}") = "oplevering", "oplevering\oplevering.csproj", "{261FAB44-6C09-441F-9DE2-2ABD774FA586}"
EndProject
Global
	GlobalSection(SolutionConfigurationPlatforms) = preSolution
		Debug|Any CPU = Debug|Any CPU
		Release|Any CPU = Release|Any CPU
	EndGlobalSection
	GlobalSection(ProjectConfigurationPlatforms) = postSolution
		{261FAB44-6C09-441F-9DE2-2ABD774FA586}.Debug|Any CPU.ActiveCfg = Debug|Any CPU
		{261FAB44-6C09-441F-9DE2-2ABD774FA586}.Debug|Any CPU.Build.0 = Debug|Any CPU
		{261FAB44-6C09-441F-9DE2-2ABD774FA586}.Release|Any CPU.ActiveCfg = Release|Any CPU
		{261FAB44-6C09-441F-9DE2-2ABD774FA586}.Release|Any CPU.Build.0 = Release|Any CPU
	EndGlobalSection
	GlobalSection(SolutionProperties) = preSolution
		HideSolutionNode = FALSE
	EndGlobalSection
	GlobalSection(ExtensibilityGlobals) = postSolution
		SolutionGuid = {6C65CC64-B2C2-4E43-86CC-7D0FA86850B3}
	EndGlobalSection
EndGlobal
