
Microsoft Visual Studio Solution File, Format Version 12.00
# Visual Studio 15
VisualStudioVersion = 15.0.27130.2036
MinimumVisualStudioVersion = 10.0.40219.1
Project("{FAE04EC0-301F-11D3-BF4B-00C04F79EFBC}") = "Calorie-tracker", "Calorie-tracker\Calorie-tracker.csproj", "{31D242B5-C3D4-44DE-9885-A538BB1D8FE2}"
EndProject
Project("{FAE04EC0-301F-11D3-BF4B-00C04F79EFBC}") = "Index van e", "Index van e\Index van e.csproj", "{29664C71-D795-4DA2-B606-87A25C8F4825}"
EndProject
Project("{FAE04EC0-301F-11D3-BF4B-00C04F79EFBC}") = "Dobbelsteen", "Dobbelsteen\Dobbelsteen.csproj", "{DDE8AD8F-D692-43C0-B1D0-CDB2C1FEC8DD}"
EndProject
Project("{FAE04EC0-301F-11D3-BF4B-00C04F79EFBC}") = "Haxor", "Haxor\Haxor.csproj", "{83010549-89B7-48A4-B331-A470AAE3BB9D}"
EndProject
Project("{FAE04EC0-301F-11D3-BF4B-00C04F79EFBC}") = "Hallo jij!", "Hallo jij!\Hallo jij!.csproj", "{59EC9321-C727-499E-91A7-90331D0D9353}"
EndProject
Global
	GlobalSection(SolutionConfigurationPlatforms) = preSolution
		Debug|Any CPU = Debug|Any CPU
		Release|Any CPU = Release|Any CPU
	EndGlobalSection
	GlobalSection(ProjectConfigurationPlatforms) = postSolution
		{31D242B5-C3D4-44DE-9885-A538BB1D8FE2}.Debug|Any CPU.ActiveCfg = Debug|Any CPU
		{31D242B5-C3D4-44DE-9885-A538BB1D8FE2}.Debug|Any CPU.Build.0 = Debug|Any CPU
		{31D242B5-C3D4-44DE-9885-A538BB1D8FE2}.Release|Any CPU.ActiveCfg = Release|Any CPU
		{31D242B5-C3D4-44DE-9885-A538BB1D8FE2}.Release|Any CPU.Build.0 = Release|Any CPU
		{29664C71-D795-4DA2-B606-87A25C8F4825}.Debug|Any CPU.ActiveCfg = Debug|Any CPU
		{29664C71-D795-4DA2-B606-87A25C8F4825}.Debug|Any CPU.Build.0 = Debug|Any CPU
		{29664C71-D795-4DA2-B606-87A25C8F4825}.Release|Any CPU.ActiveCfg = Release|Any CPU
		{29664C71-D795-4DA2-B606-87A25C8F4825}.Release|Any CPU.Build.0 = Release|Any CPU
		{DDE8AD8F-D692-43C0-B1D0-CDB2C1FEC8DD}.Debug|Any CPU.ActiveCfg = Debug|Any CPU
		{DDE8AD8F-D692-43C0-B1D0-CDB2C1FEC8DD}.Debug|Any CPU.Build.0 = Debug|Any CPU
		{DDE8AD8F-D692-43C0-B1D0-CDB2C1FEC8DD}.Release|Any CPU.ActiveCfg = Release|Any CPU
		{DDE8AD8F-D692-43C0-B1D0-CDB2C1FEC8DD}.Release|Any CPU.Build.0 = Release|Any CPU
		{83010549-89B7-48A4-B331-A470AAE3BB9D}.Debug|Any CPU.ActiveCfg = Debug|Any CPU
		{83010549-89B7-48A4-B331-A470AAE3BB9D}.Debug|Any CPU.Build.0 = Debug|Any CPU
		{83010549-89B7-48A4-B331-A470AAE3BB9D}.Release|Any CPU.ActiveCfg = Release|Any CPU
		{83010549-89B7-48A4-B331-A470AAE3BB9D}.Release|Any CPU.Build.0 = Release|Any CPU
		{59EC9321-C727-499E-91A7-90331D0D9353}.Debug|Any CPU.ActiveCfg = Debug|Any CPU
		{59EC9321-C727-499E-91A7-90331D0D9353}.Debug|Any CPU.Build.0 = Debug|Any CPU
		{59EC9321-C727-499E-91A7-90331D0D9353}.Release|Any CPU.ActiveCfg = Release|Any CPU
		{59EC9321-C727-499E-91A7-90331D0D9353}.Release|Any CPU.Build.0 = Release|Any CPU
	EndGlobalSection
	GlobalSection(SolutionProperties) = preSolution
		HideSolutionNode = FALSE
	EndGlobalSection
	GlobalSection(ExtensibilityGlobals) = postSolution
		SolutionGuid = {7DFC883B-A67D-4251-954B-AD2C7B124AFF}
	EndGlobalSection
EndGlobal
